
Microsoft Visual Studio Solution File, Format Version 12.00
# Visual Studio 15
VisualStudioVersion = 15.0.28307.757
MinimumVisualStudioVersion = 10.0.40219.1
Project("{FAE04EC0-301F-11D3-BF4B-00C04F79EFBC}") = "IdentityServer", "IdentityServer\IdentityServer.csproj", "{BEE3222C-6953-427A-9414-94BAD522D532}"
EndProject
Project("{FAE04EC0-301F-11D3-BF4B-00C04F79EFBC}") = "WebApi", "WebApi\WebApi.csproj", "{02FFAAA9-CACA-4207-861B-CF2DECFAA092}"
EndProject
Project("{FAE04EC0-301F-11D3-BF4B-00C04F79EFBC}") = "Client", "Client\Client.csproj", "{EAF34590-7551-4703-AEFB-8B75FDDB5C15}"
EndProject
Global
	GlobalSection(SolutionConfigurationPlatforms) = preSolution
		Debug|Any CPU = Debug|Any CPU
		Release|Any CPU = Release|Any CPU
	EndGlobalSection
	GlobalSection(ProjectConfigurationPlatforms) = postSolution
		{BEE3222C-6953-427A-9414-94BAD522D532}.Debug|Any CPU.ActiveCfg = Debug|Any CPU
		{BEE3222C-6953-427A-9414-94BAD522D532}.Debug|Any CPU.Build.0 = Debug|Any CPU
		{BEE3222C-6953-427A-9414-94BAD522D532}.Release|Any CPU.ActiveCfg = Release|Any CPU
		{BEE3222C-6953-427A-9414-94BAD522D532}.Release|Any CPU.Build.0 = Release|Any CPU
		{02FFAAA9-CACA-4207-861B-CF2DECFAA092}.Debug|Any CPU.ActiveCfg = Debug|Any CPU
		{02FFAAA9-CACA-4207-861B-CF2DECFAA092}.Debug|Any CPU.Build.0 = Debug|Any CPU
		{02FFAAA9-CACA-4207-861B-CF2DECFAA092}.Release|Any CPU.ActiveCfg = Release|Any CPU
		{02FFAAA9-CACA-4207-861B-CF2DECFAA092}.Release|Any CPU.Build.0 = Release|Any CPU
		{EAF34590-7551-4703-AEFB-8B75FDDB5C15}.Debug|Any CPU.ActiveCfg = Debug|Any CPU
		{EAF34590-7551-4703-AEFB-8B75FDDB5C15}.Debug|Any CPU.Build.0 = Debug|Any CPU
		{EAF34590-7551-4703-AEFB-8B75FDDB5C15}.Release|Any CPU.ActiveCfg = Release|Any CPU
		{EAF34590-7551-4703-AEFB-8B75FDDB5C15}.Release|Any CPU.Build.0 = Release|Any CPU
	EndGlobalSection
	GlobalSection(SolutionProperties) = preSolution
		HideSolutionNode = FALSE
	EndGlobalSection
	GlobalSection(ExtensibilityGlobals) = postSolution
		SolutionGuid = {62133EFD-9E97-4C1D-AE8C-2210295F2781}
	EndGlobalSection
EndGlobal
